
Microsoft Visual Studio Solution File, Format Version 11.00
# Visual Studio 2010
Project("{FAE04EC0-301F-11D3-BF4B-00C04F79EFBC}") = "Assembly-CSharp-firstpass", "Assembly-CSharp-firstpass.csproj", "{da17b213-d206-ef4e-7ee2-6d64da35f1bc}"
EndProject
Project("{FAE04EC0-301F-11D3-BF4B-00C04F79EFBC}") = "Assembly-CSharp", "Assembly-CSharp.csproj", "{fdd02825-36e8-567f-e42e-846a3d688f1d}"
EndProject
Project("{FAE04EC0-301F-11D3-BF4B-00C04F79EFBC}") = "Assembly-CSharp-Editor", "Assembly-CSharp-Editor.csproj", "{9a810ce9-4d43-c913-f579-77eb944099ac}"
EndProject
Global
	GlobalSection(SolutionConfigurationPlatforms) = preSolution
		Debug|Any CPU = Debug|Any CPU
	EndGlobalSection
	GlobalSection(ProjectConfigurationPlatforms) = postSolution
		{da17b213-d206-ef4e-7ee2-6d64da35f1bc}.Debug|Any CPU.ActiveCfg = Debug|Any CPU
		{da17b213-d206-ef4e-7ee2-6d64da35f1bc}.Debug|Any CPU.Build.0 = Debug|Any CPU
		{fdd02825-36e8-567f-e42e-846a3d688f1d}.Debug|Any CPU.ActiveCfg = Debug|Any CPU
		{fdd02825-36e8-567f-e42e-846a3d688f1d}.Debug|Any CPU.Build.0 = Debug|Any CPU
		{9a810ce9-4d43-c913-f579-77eb944099ac}.Debug|Any CPU.ActiveCfg = Debug|Any CPU
		{9a810ce9-4d43-c913-f579-77eb944099ac}.Debug|Any CPU.Build.0 = Debug|Any CPU
	EndGlobalSection
	GlobalSection(SolutionProperties) = preSolution
		HideSolutionNode = FALSE
	EndGlobalSection
EndGlobal
